// !$*UTF8*$!
{
	archiveVersion = 1;
	classes = {
	};
	objectVersion = 48;
	objects = {

/* Begin PBXBuildFile section */
		534638D9205E543800686B6A /* RecipeDetailsViewModel.swift in Sources */ = {isa = PBXBuildFile; fileRef = 534638D8205E543800686B6A /* RecipeDetailsViewModel.swift */; };
		53463918205E917700686B6A /* StepDetailsViewController.swift in Sources */ = {isa = PBXBuildFile; fileRef = 53463917205E917700686B6A /* StepDetailsViewController.swift */; };
		5388F32D205A8B32009FD2A6 /* AppDelegate.swift in Sources */ = {isa = PBXBuildFile; fileRef = 5388F32C205A8B32009FD2A6 /* AppDelegate.swift */; };
		5388F32F205A8B32009FD2A6 /* RecipesViewController.swift in Sources */ = {isa = PBXBuildFile; fileRef = 5388F32E205A8B32009FD2A6 /* RecipesViewController.swift */; };
		5388F332205A8B32009FD2A6 /* Main.storyboard in Resources */ = {isa = PBXBuildFile; fileRef = 5388F330205A8B32009FD2A6 /* Main.storyboard */; };
		5388F335205A8B32009FD2A6 /* Baking_App.xcdatamodeld in Sources */ = {isa = PBXBuildFile; fileRef = 5388F333205A8B32009FD2A6 /* Baking_App.xcdatamodeld */; };
		5388F337205A8B32009FD2A6 /* Assets.xcassets in Resources */ = {isa = PBXBuildFile; fileRef = 5388F336205A8B32009FD2A6 /* Assets.xcassets */; };
		5388F33A205A8B32009FD2A6 /* LaunchScreen.storyboard in Resources */ = {isa = PBXBuildFile; fileRef = 5388F338205A8B32009FD2A6 /* LaunchScreen.storyboard */; };
		5388F345205A8B32009FD2A6 /* Baking_AppTests.swift in Sources */ = {isa = PBXBuildFile; fileRef = 5388F344205A8B32009FD2A6 /* Baking_AppTests.swift */; };
		5388F350205A8B32009FD2A6 /* Baking_AppUITests.swift in Sources */ = {isa = PBXBuildFile; fileRef = 5388F34F205A8B32009FD2A6 /* Baking_AppUITests.swift */; };
		5388F35F205A8C6B009FD2A6 /* Recipe.swift in Sources */ = {isa = PBXBuildFile; fileRef = 5388F35E205A8C6B009FD2A6 /* Recipe.swift */; };
		5388F362205A964C009FD2A6 /* SharedClient.swift in Sources */ = {isa = PBXBuildFile; fileRef = 5388F361205A964C009FD2A6 /* SharedClient.swift */; };
		5388F364205A9CF6009FD2A6 /* RecipeCollectionViewCell.swift in Sources */ = {isa = PBXBuildFile; fileRef = 5388F363205A9CF6009FD2A6 /* RecipeCollectionViewCell.swift */; };
		5388F367205AA30A009FD2A6 /* RecipesViewModel.swift in Sources */ = {isa = PBXBuildFile; fileRef = 5388F366205AA30A009FD2A6 /* RecipesViewModel.swift */; };
		5388F36A205ABC8A009FD2A6 /* RecipeDetailsViewController.swift in Sources */ = {isa = PBXBuildFile; fileRef = 5388F369205ABC8A009FD2A6 /* RecipeDetailsViewController.swift */; };
/* End PBXBuildFile section */

/* Begin PBXContainerItemProxy section */
		5388F341205A8B32009FD2A6 /* PBXContainerItemProxy */ = {
			isa = PBXContainerItemProxy;
			containerPortal = 5388F321205A8B32009FD2A6 /* Project object */;
			proxyType = 1;
			remoteGlobalIDString = 5388F328205A8B32009FD2A6;
			remoteInfo = "Baking App";
		};
		5388F34C205A8B32009FD2A6 /* PBXContainerItemProxy */ = {
			isa = PBXContainerItemProxy;
			containerPortal = 5388F321205A8B32009FD2A6 /* Project object */;
			proxyType = 1;
			remoteGlobalIDString = 5388F328205A8B32009FD2A6;
			remoteInfo = "Baking App";
		};
/* End PBXContainerItemProxy section */

/* Begin PBXFileReference section */
		534638D8205E543800686B6A /* RecipeDetailsViewModel.swift */ = {isa = PBXFileReference; lastKnownFileType = sourcecode.swift; path = RecipeDetailsViewModel.swift; sourceTree = "<group>"; };
		53463917205E917700686B6A /* StepDetailsViewController.swift */ = {isa = PBXFileReference; lastKnownFileType = sourcecode.swift; path = StepDetailsViewController.swift; sourceTree = "<group>"; };
		5388F329205A8B32009FD2A6 /* Baking App.app */ = {isa = PBXFileReference; explicitFileType = wrapper.application; includeInIndex = 0; path = "Baking App.app"; sourceTree = BUILT_PRODUCTS_DIR; };
		5388F32C205A8B32009FD2A6 /* AppDelegate.swift */ = {isa = PBXFileReference; lastKnownFileType = sourcecode.swift; path = AppDelegate.swift; sourceTree = "<group>"; };
		5388F32E205A8B32009FD2A6 /* RecipesViewController.swift */ = {isa = PBXFileReference; lastKnownFileType = sourcecode.swift; path = RecipesViewController.swift; sourceTree = "<group>"; };
		5388F331205A8B32009FD2A6 /* Base */ = {isa = PBXFileReference; lastKnownFileType = file.storyboard; name = Base; path = Base.lproj/Main.storyboard; sourceTree = "<group>"; };
		5388F334205A8B32009FD2A6 /* Baking_App.xcdatamodel */ = {isa = PBXFileReference; lastKnownFileType = wrapper.xcdatamodel; path = Baking_App.xcdatamodel; sourceTree = "<group>"; };
		5388F336205A8B32009FD2A6 /* Assets.xcassets */ = {isa = PBXFileReference; lastKnownFileType = folder.assetcatalog; path = Assets.xcassets; sourceTree = "<group>"; };
		5388F339205A8B32009FD2A6 /* Base */ = {isa = PBXFileReference; lastKnownFileType = file.storyboard; name = Base; path = Base.lproj/LaunchScreen.storyboard; sourceTree = "<group>"; };
		5388F33B205A8B32009FD2A6 /* Info.plist */ = {isa = PBXFileReference; lastKnownFileType = text.plist.xml; path = Info.plist; sourceTree = "<group>"; };
		5388F340205A8B32009FD2A6 /* Baking AppTests.xctest */ = {isa = PBXFileReference; explicitFileType = wrapper.cfbundle; includeInIndex = 0; path = "Baking AppTests.xctest"; sourceTree = BUILT_PRODUCTS_DIR; };
		5388F344205A8B32009FD2A6 /* Baking_AppTests.swift */ = {isa = PBXFileReference; lastKnownFileType = sourcecode.swift; path = Baking_AppTests.swift; sourceTree = "<group>"; };
		5388F346205A8B32009FD2A6 /* Info.plist */ = {isa = PBXFileReference; lastKnownFileType = text.plist.xml; path = Info.plist; sourceTree = "<group>"; };
		5388F34B205A8B32009FD2A6 /* Baking AppUITests.xctest */ = {isa = PBXFileReference; explicitFileType = wrapper.cfbundle; includeInIndex = 0; path = "Baking AppUITests.xctest"; sourceTree = BUILT_PRODUCTS_DIR; };
		5388F34F205A8B32009FD2A6 /* Baking_AppUITests.swift */ = {isa = PBXFileReference; lastKnownFileType = sourcecode.swift; path = Baking_AppUITests.swift; sourceTree = "<group>"; };
		5388F351205A8B32009FD2A6 /* Info.plist */ = {isa = PBXFileReference; lastKnownFileType = text.plist.xml; path = Info.plist; sourceTree = "<group>"; };
		5388F35E205A8C6B009FD2A6 /* Recipe.swift */ = {isa = PBXFileReference; lastKnownFileType = sourcecode.swift; path = Recipe.swift; sourceTree = "<group>"; };
		5388F361205A964C009FD2A6 /* SharedClient.swift */ = {isa = PBXFileReference; lastKnownFileType = sourcecode.swift; path = SharedClient.swift; sourceTree = "<group>"; };
		5388F363205A9CF6009FD2A6 /* RecipeCollectionViewCell.swift */ = {isa = PBXFileReference; lastKnownFileType = sourcecode.swift; path = RecipeCollectionViewCell.swift; sourceTree = "<group>"; };
		5388F366205AA30A009FD2A6 /* RecipesViewModel.swift */ = {isa = PBXFileReference; lastKnownFileType = sourcecode.swift; path = RecipesViewModel.swift; sourceTree = "<group>"; };
		5388F369205ABC8A009FD2A6 /* RecipeDetailsViewController.swift */ = {isa = PBXFileReference; lastKnownFileType = sourcecode.swift; path = RecipeDetailsViewController.swift; sourceTree = "<group>"; };
/* End PBXFileReference section */

/* Begin PBXFrameworksBuildPhase section */
		5388F326205A8B32009FD2A6 /* Frameworks */ = {
			isa = PBXFrameworksBuildPhase;
			buildActionMask = 2147483647;
			files = (
			);
			runOnlyForDeploymentPostprocessing = 0;
		};
		5388F33D205A8B32009FD2A6 /* Frameworks */ = {
			isa = PBXFrameworksBuildPhase;
			buildActionMask = 2147483647;
			files = (
			);
			runOnlyForDeploymentPostprocessing = 0;
		};
		5388F348205A8B32009FD2A6 /* Frameworks */ = {
			isa = PBXFrameworksBuildPhase;
			buildActionMask = 2147483647;
			files = (
			);
			runOnlyForDeploymentPostprocessing = 0;
		};
/* End PBXFrameworksBuildPhase section */

/* Begin PBXGroup section */
		5388F320205A8B32009FD2A6 = {
			isa = PBXGroup;
			children = (
				5388F32B205A8B32009FD2A6 /* Baking App */,
				5388F343205A8B32009FD2A6 /* Baking AppTests */,
				5388F34E205A8B32009FD2A6 /* Baking AppUITests */,
				5388F32A205A8B32009FD2A6 /* Products */,
			);
			sourceTree = "<group>";
		};
		5388F32A205A8B32009FD2A6 /* Products */ = {
			isa = PBXGroup;
			children = (
				5388F329205A8B32009FD2A6 /* Baking App.app */,
				5388F340205A8B32009FD2A6 /* Baking AppTests.xctest */,
				5388F34B205A8B32009FD2A6 /* Baking AppUITests.xctest */,
			);
			name = Products;
			sourceTree = "<group>";
		};
		5388F32B205A8B32009FD2A6 /* Baking App */ = {
			isa = PBXGroup;
			children = (
				5388F36B205ABE4C009FD2A6 /* Views */,
				5388F368205ABC47009FD2A6 /* ViewControllers */,
				5388F365205AA2F3009FD2A6 /* ViewModels */,
				5388F360205A9631009FD2A6 /* Networking */,
				5388F35D205A8C47009FD2A6 /* Models */,
				5388F32C205A8B32009FD2A6 /* AppDelegate.swift */,
				5388F330205A8B32009FD2A6 /* Main.storyboard */,
				5388F336205A8B32009FD2A6 /* Assets.xcassets */,
				5388F338205A8B32009FD2A6 /* LaunchScreen.storyboard */,
				5388F33B205A8B32009FD2A6 /* Info.plist */,
				5388F333205A8B32009FD2A6 /* Baking_App.xcdatamodeld */,
			);
			path = "Baking App";
			sourceTree = "<group>";
		};
		5388F343205A8B32009FD2A6 /* Baking AppTests */ = {
			isa = PBXGroup;
			children = (
				5388F344205A8B32009FD2A6 /* Baking_AppTests.swift */,
				5388F346205A8B32009FD2A6 /* Info.plist */,
			);
			path = "Baking AppTests";
			sourceTree = "<group>";
		};
		5388F34E205A8B32009FD2A6 /* Baking AppUITests */ = {
			isa = PBXGroup;
			children = (
				5388F34F205A8B32009FD2A6 /* Baking_AppUITests.swift */,
				5388F351205A8B32009FD2A6 /* Info.plist */,
			);
			path = "Baking AppUITests";
			sourceTree = "<group>";
		};
		5388F35D205A8C47009FD2A6 /* Models */ = {
			isa = PBXGroup;
			children = (
				5388F35E205A8C6B009FD2A6 /* Recipe.swift */,
			);
			path = Models;
			sourceTree = "<group>";
		};
		5388F360205A9631009FD2A6 /* Networking */ = {
			isa = PBXGroup;
			children = (
				5388F361205A964C009FD2A6 /* SharedClient.swift */,
			);
			path = Networking;
			sourceTree = "<group>";
		};
		5388F365205AA2F3009FD2A6 /* ViewModels */ = {
			isa = PBXGroup;
			children = (
				5388F366205AA30A009FD2A6 /* RecipesViewModel.swift */,
				534638D8205E543800686B6A /* RecipeDetailsViewModel.swift */,
			);
			path = ViewModels;
			sourceTree = "<group>";
		};
		5388F368205ABC47009FD2A6 /* ViewControllers */ = {
			isa = PBXGroup;
			children = (
				5388F32E205A8B32009FD2A6 /* RecipesViewController.swift */,
				5388F369205ABC8A009FD2A6 /* RecipeDetailsViewController.swift */,
				53463917205E917700686B6A /* StepDetailsViewController.swift */,
			);
			path = ViewControllers;
			sourceTree = "<group>";
		};
		5388F36B205ABE4C009FD2A6 /* Views */ = {
			isa = PBXGroup;
			children = (
				5388F363205A9CF6009FD2A6 /* RecipeCollectionViewCell.swift */,
			);
			path = Views;
			sourceTree = "<group>";
		};
/* End PBXGroup section */

/* Begin PBXNativeTarget section */
		5388F328205A8B32009FD2A6 /* Baking App */ = {
			isa = PBXNativeTarget;
			buildConfigurationList = 5388F354205A8B32009FD2A6 /* Build configuration list for PBXNativeTarget "Baking App" */;
			buildPhases = (
				5388F325205A8B32009FD2A6 /* Sources */,
				5388F326205A8B32009FD2A6 /* Frameworks */,
				5388F327205A8B32009FD2A6 /* Resources */,
			);
			buildRules = (
			);
			dependencies = (
			);
			name = "Baking App";
			productName = "Baking App";
			productReference = 5388F329205A8B32009FD2A6 /* Baking App.app */;
			productType = "com.apple.product-type.application";
		};
		5388F33F205A8B32009FD2A6 /* Baking AppTests */ = {
			isa = PBXNativeTarget;
			buildConfigurationList = 5388F357205A8B32009FD2A6 /* Build configuration list for PBXNativeTarget "Baking AppTests" */;
			buildPhases = (
				5388F33C205A8B32009FD2A6 /* Sources */,
				5388F33D205A8B32009FD2A6 /* Frameworks */,
				5388F33E205A8B32009FD2A6 /* Resources */,
			);
			buildRules = (
			);
			dependencies = (
				5388F342205A8B32009FD2A6 /* PBXTargetDependency */,
			);
			name = "Baking AppTests";
			productName = "Baking AppTests";
			productReference = 5388F340205A8B32009FD2A6 /* Baking AppTests.xctest */;
			productType = "com.apple.product-type.bundle.unit-test";
		};
		5388F34A205A8B32009FD2A6 /* Baking AppUITests */ = {
			isa = PBXNativeTarget;
			buildConfigurationList = 5388F35A205A8B32009FD2A6 /* Build configuration list for PBXNativeTarget "Baking AppUITests" */;
			buildPhases = (
				5388F347205A8B32009FD2A6 /* Sources */,
				5388F348205A8B32009FD2A6 /* Frameworks */,
				5388F349205A8B32009FD2A6 /* Resources */,
			);
			buildRules = (
			);
			dependencies = (
				5388F34D205A8B32009FD2A6 /* PBXTargetDependency */,
			);
			name = "Baking AppUITests";
			productName = "Baking AppUITests";
			productReference = 5388F34B205A8B32009FD2A6 /* Baking AppUITests.xctest */;
			productType = "com.apple.product-type.bundle.ui-testing";
		};
/* End PBXNativeTarget section */

/* Begin PBXProject section */
		5388F321205A8B32009FD2A6 /* Project object */ = {
			isa = PBXProject;
			attributes = {
				LastSwiftUpdateCheck = 0920;
				LastUpgradeCheck = 0920;
				ORGANIZATIONNAME = "Ahmed Hamdy Gomaa";
				TargetAttributes = {
					5388F328205A8B32009FD2A6 = {
						CreatedOnToolsVersion = 9.2;
						ProvisioningStyle = Automatic;
					};
					5388F33F205A8B32009FD2A6 = {
						CreatedOnToolsVersion = 9.2;
						ProvisioningStyle = Automatic;
						TestTargetID = 5388F328205A8B32009FD2A6;
					};
					5388F34A205A8B32009FD2A6 = {
						CreatedOnToolsVersion = 9.2;
						ProvisioningStyle = Automatic;
						TestTargetID = 5388F328205A8B32009FD2A6;
					};
				};
			};
			buildConfigurationList = 5388F324205A8B32009FD2A6 /* Build configuration list for PBXProject "Baking App" */;
			compatibilityVersion = "Xcode 8.0";
			developmentRegion = en;
			hasScannedForEncodings = 0;
			knownRegions = (
				en,
				Base,
			);
			mainGroup = 5388F320205A8B32009FD2A6;
			productRefGroup = 5388F32A205A8B32009FD2A6 /* Products */;
			projectDirPath = "";
			projectRoot = "";
			targets = (
				5388F328205A8B32009FD2A6 /* Baking App */,
				5388F33F205A8B32009FD2A6 /* Baking AppTests */,
				5388F34A205A8B32009FD2A6 /* Baking AppUITests */,
			);
		};
/* End PBXProject section */

/* Begin PBXResourcesBuildPhase section */
		5388F327205A8B32009FD2A6 /* Resources */ = {
			isa = PBXResourcesBuildPhase;
			buildActionMask = 2147483647;
			files = (
				5388F33A205A8B32009FD2A6 /* LaunchScreen.storyboard in Resources */,
				5388F337205A8B32009FD2A6 /* Assets.xcassets in Resources */,
				5388F332205A8B32009FD2A6 /* Main.storyboard in Resources */,
			);
			runOnlyForDeploymentPostprocessing = 0;
		};
		5388F33E205A8B32009FD2A6 /* Resources */ = {
			isa = PBXResourcesBuildPhase;
			buildActionMask = 2147483647;
			files = (
			);
			runOnlyForDeploymentPostprocessing = 0;
		};
		5388F349205A8B32009FD2A6 /* Resources */ = {
			isa = PBXResourcesBuildPhase;
			buildActionMask = 2147483647;
			files = (
			);
			runOnlyForDeploymentPostprocessing = 0;
		};
/* End PBXResourcesBuildPhase section */

/* Begin PBXSourcesBuildPhase section */
		5388F325205A8B32009FD2A6 /* Sources */ = {
			isa = PBXSourcesBuildPhase;
			buildActionMask = 2147483647;
			files = (
				5388F364205A9CF6009FD2A6 /* RecipeCollectionViewCell.swift in Sources */,
				5388F32F205A8B32009FD2A6 /* RecipesViewController.swift in Sources */,
				5388F35F205A8C6B009FD2A6 /* Recipe.swift in Sources */,
				5388F36A205ABC8A009FD2A6 /* RecipeDetailsViewController.swift in Sources */,
				534638D9205E543800686B6A /* RecipeDetailsViewModel.swift in Sources */,
				53463918205E917700686B6A /* StepDetailsViewController.swift in Sources */,
				5388F367205AA30A009FD2A6 /* RecipesViewModel.swift in Sources */,
				5388F32D205A8B32009FD2A6 /* AppDelegate.swift in Sources */,
				5388F362205A964C009FD2A6 /* SharedClient.swift in Sources */,
				5388F335205A8B32009FD2A6 /* Baking_App.xcdatamodeld in Sources */,
			);
			runOnlyForDeploymentPostprocessing = 0;
		};
		5388F33C205A8B32009FD2A6 /* Sources */ = {
			isa = PBXSourcesBuildPhase;
			buildActionMask = 2147483647;
			files = (
				5388F345205A8B32009FD2A6 /* Baking_AppTests.swift in Sources */,
			);
			runOnlyForDeploymentPostprocessing = 0;
		};
		5388F347205A8B32009FD2A6 /* Sources */ = {
			isa = PBXSourcesBuildPhase;
			buildActionMask = 2147483647;
			files = (
				5388F350205A8B32009FD2A6 /* Baking_AppUITests.swift in Sources */,
			);
			runOnlyForDeploymentPostprocessing = 0;
		};
/* End PBXSourcesBuildPhase section */

/* Begin PBXTargetDependency section */
		5388F342205A8B32009FD2A6 /* PBXTargetDependency */ = {
			isa = PBXTargetDependency;
			target = 5388F328205A8B32009FD2A6 /* Baking App */;
			targetProxy = 5388F341205A8B32009FD2A6 /* PBXContainerItemProxy */;
		};
		5388F34D205A8B32009FD2A6 /* PBXTargetDependency */ = {
			isa = PBXTargetDependency;
			target = 5388F328205A8B32009FD2A6 /* Baking App */;
			targetProxy = 5388F34C205A8B32009FD2A6 /* PBXContainerItemProxy */;
		};
/* End PBXTargetDependency section */

/* Begin PBXVariantGroup section */
		5388F330205A8B32009FD2A6 /* Main.storyboard */ = {
			isa = PBXVariantGroup;
			children = (
				5388F331205A8B32009FD2A6 /* Base */,
			);
			name = Main.storyboard;
			sourceTree = "<group>";
		};
		5388F338205A8B32009FD2A6 /* LaunchScreen.storyboard */ = {
			isa = PBXVariantGroup;
			children = (
				5388F339205A8B32009FD2A6 /* Base */,
			);
			name = LaunchScreen.storyboard;
			sourceTree = "<group>";
		};
/* End PBXVariantGroup section */

/* Begin XCBuildConfiguration section */
		5388F352205A8B32009FD2A6 /* Debug */ = {
			isa = XCBuildConfiguration;
			buildSettings = {
				ALWAYS_SEARCH_USER_PATHS = NO;
				CLANG_ANALYZER_NONNULL = YES;
				CLANG_ANALYZER_NUMBER_OBJECT_CONVERSION = YES_AGGRESSIVE;
				CLANG_CXX_LANGUAGE_STANDARD = "gnu++14";
				CLANG_CXX_LIBRARY = "libc++";
				CLANG_ENABLE_MODULES = YES;
				CLANG_ENABLE_OBJC_ARC = YES;
				CLANG_WARN_BLOCK_CAPTURE_AUTORELEASING = YES;
				CLANG_WARN_BOOL_CONVERSION = YES;
				CLANG_WARN_COMMA = YES;
				CLANG_WARN_CONSTANT_CONVERSION = YES;
				CLANG_WARN_DIRECT_OBJC_ISA_USAGE = YES_ERROR;
				CLANG_WARN_DOCUMENTATION_COMMENTS = YES;
				CLANG_WARN_EMPTY_BODY = YES;
				CLANG_WARN_ENUM_CONVERSION = YES;
				CLANG_WARN_INFINITE_RECURSION = YES;
				CLANG_WARN_INT_CONVERSION = YES;
				CLANG_WARN_NON_LITERAL_NULL_CONVERSION = YES;
				CLANG_WARN_OBJC_LITERAL_CONVERSION = YES;
				CLANG_WARN_OBJC_ROOT_CLASS = YES_ERROR;
				CLANG_WARN_RANGE_LOOP_ANALYSIS = YES;
				CLANG_WARN_STRICT_PROTOTYPES = YES;
				CLANG_WARN_SUSPICIOUS_MOVE = YES;
				CLANG_WARN_UNGUARDED_AVAILABILITY = YES_AGGRESSIVE;
				CLANG_WARN_UNREACHABLE_CODE = YES;
				CLANG_WARN__DUPLICATE_METHOD_MATCH = YES;
				CODE_SIGN_IDENTITY = "iPhone Developer";
				COPY_PHASE_STRIP = NO;
				DEBUG_INFORMATION_FORMAT = dwarf;
				ENABLE_STRICT_OBJC_MSGSEND = YES;
				ENABLE_TESTABILITY = YES;
				GCC_C_LANGUAGE_STANDARD = gnu11;
				GCC_DYNAMIC_NO_PIC = NO;
				GCC_NO_COMMON_BLOCKS = YES;
				GCC_OPTIMIZATION_LEVEL = 0;
				GCC_PREPROCESSOR_DEFINITIONS = (
					"DEBUG=1",
					"$(inherited)",
				);
				GCC_WARN_64_TO_32_BIT_CONVERSION = YES;
				GCC_WARN_ABOUT_RETURN_TYPE = YES_ERROR;
				GCC_WARN_UNDECLARED_SELECTOR = YES;
				GCC_WARN_UNINITIALIZED_AUTOS = YES_AGGRESSIVE;
				GCC_WARN_UNUSED_FUNCTION = YES;
				GCC_WARN_UNUSED_VARIABLE = YES;
				IPHONEOS_DEPLOYMENT_TARGET = 11.2;
				MTL_ENABLE_DEBUG_INFO = YES;
				ONLY_ACTIVE_ARCH = YES;
				SDKROOT = iphoneos;
				SWIFT_ACTIVE_COMPILATION_CONDITIONS = DEBUG;
				SWIFT_OPTIMIZATION_LEVEL = "-Onone";
			};
			name = Debug;
		};
		5388F353205A8B32009FD2A6 /* Release */ = {
			isa = XCBuildConfiguration;
			buildSettings = {
				ALWAYS_SEARCH_USER_PATHS = NO;
				CLANG_ANALYZER_NONNULL = YES;
				CLANG_ANALYZER_NUMBER_OBJECT_CONVERSION = YES_AGGRESSIVE;
				CLANG_CXX_LANGUAGE_STANDARD = "gnu++14";
				CLANG_CXX_LIBRARY = "libc++";
				CLANG_ENABLE_MODULES = YES;
				CLANG_ENABLE_OBJC_ARC = YES;
				CLANG_WARN_BLOCK_CAPTURE_AUTORELEASING = YES;
				CLANG_WARN_BOOL_CONVERSION = YES;
				CLANG_WARN_COMMA = YES;
				CLANG_WARN_CONSTANT_CONVERSION = YES;
				CLANG_WARN_DIRECT_OBJC_ISA_USAGE = YES_ERROR;
				CLANG_WARN_DOCUMENTATION_COMMENTS = YES;
				CLANG_WARN_EMPTY_BODY = YES;
				CLANG_WARN_ENUM_CONVERSION = YES;
				CLANG_WARN_INFINITE_RECURSION = YES;
				CLANG_WARN_INT_CONVERSION = YES;
				CLANG_WARN_NON_LITERAL_NULL_CONVERSION = YES;
				CLANG_WARN_OBJC_LITERAL_CONVERSION = YES;
				CLANG_WARN_OBJC_ROOT_CLASS = YES_ERROR;
				CLANG_WARN_RANGE_LOOP_ANALYSIS = YES;
				CLANG_WARN_STRICT_PROTOTYPES = YES;
				CLANG_WARN_SUSPICIOUS_MOVE = YES;
				CLANG_WARN_UNGUARDED_AVAILABILITY = YES_AGGRESSIVE;
				CLANG_WARN_UNREACHABLE_CODE = YES;
				CLANG_WARN__DUPLICATE_METHOD_MATCH = YES;
				CODE_SIGN_IDENTITY = "iPhone Developer";
				COPY_PHASE_STRIP = NO;
				DEBUG_INFORMATION_FORMAT = "dwarf-with-dsym";
				ENABLE_NS_ASSERTIONS = NO;
				ENABLE_STRICT_OBJC_MSGSEND = YES;
				GCC_C_LANGUAGE_STANDARD = gnu11;
				GCC_NO_COMMON_BLOCKS = YES;
				GCC_WARN_64_TO_32_BIT_CONVERSION = YES;
				GCC_WARN_ABOUT_RETURN_TYPE = YES_ERROR;
				GCC_WARN_UNDECLARED_SELECTOR = YES;
				GCC_WARN_UNINITIALIZED_AUTOS = YES_AGGRESSIVE;
				GCC_WARN_UNUSED_FUNCTION = YES;
				GCC_WARN_UNUSED_VARIABLE = YES;
				IPHONEOS_DEPLOYMENT_TARGET = 11.2;
				MTL_ENABLE_DEBUG_INFO = NO;
				SDKROOT = iphoneos;
				SWIFT_OPTIMIZATION_LEVEL = "-Owholemodule";
				VALIDATE_PRODUCT = YES;
			};
			name = Release;
		};
		5388F355205A8B32009FD2A6 /* Debug */ = {
			isa = XCBuildConfiguration;
			buildSettings = {
				ASSETCATALOG_COMPILER_APPICON_NAME = AppIcon;
				CODE_SIGN_STYLE = Automatic;
				INFOPLIST_FILE = "Baking App/Info.plist";
				LD_RUNPATH_SEARCH_PATHS = "$(inherited) @executable_path/Frameworks";
				PRODUCT_BUNDLE_IDENTIFIER = "ahmedhamdygomaa.Baking-App";
				PRODUCT_NAME = "$(TARGET_NAME)";
				SWIFT_VERSION = 4.0;
				TARGETED_DEVICE_FAMILY = "1,2";
			};
			name = Debug;
		};
		5388F356205A8B32009FD2A6 /* Release */ = {
			isa = XCBuildConfiguration;
			buildSettings = {
				ASSETCATALOG_COMPILER_APPICON_NAME = AppIcon;
				CODE_SIGN_STYLE = Automatic;
				INFOPLIST_FILE = "Baking App/Info.plist";
				LD_RUNPATH_SEARCH_PATHS = "$(inherited) @executable_path/Frameworks";
				PRODUCT_BUNDLE_IDENTIFIER = "ahmedhamdygomaa.Baking-App";
				PRODUCT_NAME = "$(TARGET_NAME)";
				SWIFT_VERSION = 4.0;
				TARGETED_DEVICE_FAMILY = "1,2";
			};
			name = Release;
		};
		5388F358205A8B32009FD2A6 /* Debug */ = {
			isa = XCBuildConfiguration;
			buildSettings = {
				ALWAYS_EMBED_SWIFT_STANDARD_LIBRARIES = YES;
				BUNDLE_LOADER = "$(TEST_HOST)";
				CODE_SIGN_STYLE = Automatic;
				INFOPLIST_FILE = "Baking AppTests/Info.plist";
				LD_RUNPATH_SEARCH_PATHS = "$(inherited) @executable_path/Frameworks @loader_path/Frameworks";
				PRODUCT_BUNDLE_IDENTIFIER = "ahmedhamdygomaa.Baking-AppTests";
				PRODUCT_NAME = "$(TARGET_NAME)";
				SWIFT_VERSION = 4.0;
				TARGETED_DEVICE_FAMILY = "1,2";
				TEST_HOST = "$(BUILT_PRODUCTS_DIR)/Baking App.app/Baking App";
			};
			name = Debug;
		};
		5388F359205A8B32009FD2A6 /* Release */ = {
			isa = XCBuildConfiguration;
			buildSettings = {
				ALWAYS_EMBED_SWIFT_STANDARD_LIBRARIES = YES;
				BUNDLE_LOADER = "$(TEST_HOST)";
				CODE_SIGN_STYLE = Automatic;
				INFOPLIST_FILE = "Baking AppTests/Info.plist";
				LD_RUNPATH_SEARCH_PATHS = "$(inherited) @executable_path/Frameworks @loader_path/Frameworks";
				PRODUCT_BUNDLE_IDENTIFIER = "ahmedhamdygomaa.Baking-AppTests";
				PRODUCT_NAME = "$(TARGET_NAME)";
				SWIFT_VERSION = 4.0;
				TARGETED_DEVICE_FAMILY = "1,2";
				TEST_HOST = "$(BUILT_PRODUCTS_DIR)/Baking App.app/Baking App";
			};
			name = Release;
		};
		5388F35B205A8B32009FD2A6 /* Debug */ = {
			isa = XCBuildConfiguration;
			buildSettings = {
				ALWAYS_EMBED_SWIFT_STANDARD_LIBRARIES = YES;
				CODE_SIGN_STYLE = Automatic;
				INFOPLIST_FILE = "Baking AppUITests/Info.plist";
				LD_RUNPATH_SEARCH_PATHS = "$(inherited) @executable_path/Frameworks @loader_path/Frameworks";
				PRODUCT_BUNDLE_IDENTIFIER = "ahmedhamdygomaa.Baking-AppUITests";
				PRODUCT_NAME = "$(TARGET_NAME)";
				SWIFT_VERSION = 4.0;
				TARGETED_DEVICE_FAMILY = "1,2";
				TEST_TARGET_NAME = "Baking App";
			};
			name = Debug;
		};
		5388F35C205A8B32009FD2A6 /* Release */ = {
			isa = XCBuildConfiguration;
			buildSettings = {
				ALWAYS_EMBED_SWIFT_STANDARD_LIBRARIES = YES;
				CODE_SIGN_STYLE = Automatic;
				INFOPLIST_FILE = "Baking AppUITests/Info.plist";
				LD_RUNPATH_SEARCH_PATHS = "$(inherited) @executable_path/Frameworks @loader_path/Frameworks";
				PRODUCT_BUNDLE_IDENTIFIER = "ahmedhamdygomaa.Baking-AppUITests";
				PRODUCT_NAME = "$(TARGET_NAME)";
				SWIFT_VERSION = 4.0;
				TARGETED_DEVICE_FAMILY = "1,2";
				TEST_TARGET_NAME = "Baking App";
			};
			name = Release;
		};
/* End XCBuildConfiguration section */

/* Begin XCConfigurationList section */
		5388F324205A8B32009FD2A6 /* Build configuration list for PBXProject "Baking App" */ = {
			isa = XCConfigurationList;
			buildConfigurations = (
				5388F352205A8B32009FD2A6 /* Debug */,
				5388F353205A8B32009FD2A6 /* Release */,
			);
			defaultConfigurationIsVisible = 0;
			defaultConfigurationName = Release;
		};
		5388F354205A8B32009FD2A6 /* Build configuration list for PBXNativeTarget "Baking App" */ = {
			isa = XCConfigurationList;
			buildConfigurations = (
				5388F355205A8B32009FD2A6 /* Debug */,
				5388F356205A8B32009FD2A6 /* Release */,
			);
			defaultConfigurationIsVisible = 0;
			defaultConfigurationName = Release;
		};
		5388F357205A8B32009FD2A6 /* Build configuration list for PBXNativeTarget "Baking AppTests" */ = {
			isa = XCConfigurationList;
			buildConfigurations = (
				5388F358205A8B32009FD2A6 /* Debug */,
				5388F359205A8B32009FD2A6 /* Release */,
			);
			defaultConfigurationIsVisible = 0;
			defaultConfigurationName = Release;
		};
		5388F35A205A8B32009FD2A6 /* Build configuration list for PBXNativeTarget "Baking AppUITests" */ = {
			isa = XCConfigurationList;
			buildConfigurations = (
				5388F35B205A8B32009FD2A6 /* Debug */,
				5388F35C205A8B32009FD2A6 /* Release */,
			);
			defaultConfigurationIsVisible = 0;
			defaultConfigurationName = Release;
		};
/* End XCConfigurationList section */

/* Begin XCVersionGroup section */
		5388F333205A8B32009FD2A6 /* Baking_App.xcdatamodeld */ = {
			isa = XCVersionGroup;
			children = (
				5388F334205A8B32009FD2A6 /* Baking_App.xcdatamodel */,
			);
			currentVersion = 5388F334205A8B32009FD2A6 /* Baking_App.xcdatamodel */;
			path = Baking_App.xcdatamodeld;
			sourceTree = "<group>";
			versionGroupType = wrapper.xcdatamodel;
		};
/* End XCVersionGroup section */
	};
	rootObject = 5388F321205A8B32009FD2A6 /* Project object */;
}
